
Microsoft Visual Studio Solution File, Format Version 12.00
# Visual Studio Version 16
VisualStudioVersion = 16.0.31624.102
MinimumVisualStudioVersion = 10.0.40219.1
Project("{FAE04EC0-301F-11D3-BF4B-00C04F79EFBC}") = "cartapi", "cartapi.csproj", "{10EBEEA9-3F3F-4A1E-A151-DCC6A4CFB8DA}"
EndProject
Global
	GlobalSection(SolutionConfigurationPlatforms) = preSolution
		Debug|Any CPU = Debug|Any CPU
		Release|Any CPU = Release|Any CPU
	EndGlobalSection
	GlobalSection(ProjectConfigurationPlatforms) = postSolution
		{10EBEEA9-3F3F-4A1E-A151-DCC6A4CFB8DA}.Debug|Any CPU.ActiveCfg = Debug|Any CPU
		{10EBEEA9-3F3F-4A1E-A151-DCC6A4CFB8DA}.Debug|Any CPU.Build.0 = Debug|Any CPU
		{10EBEEA9-3F3F-4A1E-A151-DCC6A4CFB8DA}.Release|Any CPU.ActiveCfg = Release|Any CPU
		{10EBEEA9-3F3F-4A1E-A151-DCC6A4CFB8DA}.Release|Any CPU.Build.0 = Release|Any CPU
	EndGlobalSection
	GlobalSection(SolutionProperties) = preSolution
		HideSolutionNode = FALSE
	EndGlobalSection
	GlobalSection(ExtensibilityGlobals) = postSolution
		SolutionGuid = {0C41DF34-2756-4021-9B0A-1A55AEB5E39A}
	EndGlobalSection
EndGlobal
